{
  "name": "xarvis-ai",
  "version": "3.0.0",
  "lockfileVersion": 3,
  "requires": true,
  "packages": {
    "": {
      "name": "xarvis-ai",
      "version": "3.0.0",
      "devDependencies": {
        "vercel": "^37.0.0"
      }
    },
    "node_modules/vercel": {
      "version": "37.x.x",
      "resolved": "https://registry.npmjs.org/vercel/-/vercel-37.x.x.tgz",
      "integrity": "sha512-...",
      "dev": true
    }
  }
}
